
Microsoft Visual Studio Solution File, Format Version 12.00
# Visual Studio Version 17
VisualStudioVersion = 17.4.33213.308
MinimumVisualStudioVersion = 10.0.40219.1
Project("{9A19103F-16F7-4668-BE54-9A1E7A4F7556}") = "AnimatedImage", "AnimatedImage\AnimatedImage.csproj", "{D129789C-3096-4D0B-8DD7-FE24A4DF4B21}"
EndProject
Project("{9A19103F-16F7-4668-BE54-9A1E7A4F7556}") = "DemoForWpf", "DemoForWpf\DemoForWpf.csproj", "{F15F23F1-D349-426E-8A05-AEEF1A663599}"
EndProject
Project("{2150E333-8FDC-42A3-9474-1A3956D46DE8}") = "Solution Items", "Solution Items", "{0E0CF096-6B3E-4338-9DC7-7A52EE4D4648}"
	ProjectSection(SolutionItems) = preProject
		build.cmd = build.cmd
	EndProjectSection
EndProject
Project("{9A19103F-16F7-4668-BE54-9A1E7A4F7556}") = "AnimatedImageTest", "AnimatedImageTest\AnimatedImageTest.csproj", "{9CE2D382-8D40-4C2B-8433-1B6D208A8EF8}"
EndProject
Project("{FAE04EC0-301F-11D3-BF4B-00C04F79EFBC}") = "AnimatedImage.Wpf", "AnimatedImage.Wpf\AnimatedImage.Wpf.csproj", "{BC93D0C2-4863-4B4B-9D60-1B565AAE4284}"
EndProject
Project("{FAE04EC0-301F-11D3-BF4B-00C04F79EFBC}") = "AnimatedImage.Avalonia", "AnimatedImage.Avalonia\AnimatedImage.Avalonia.csproj", "{2CB8A609-5C59-4E03-A749-AEC099D67382}"
EndProject
Project("{FAE04EC0-301F-11D3-BF4B-00C04F79EFBC}") = "DemoForAvaloniaUI", "DemoForAvaloniaUI\DemoForAvaloniaUI.csproj", "{18644531-96C8-49AC-8AC3-F3BD4ACBD574}"
EndProject
Global
	GlobalSection(SolutionConfigurationPlatforms) = preSolution
		Debug|Any CPU = Debug|Any CPU
		Debug|Mixed Platforms = Debug|Mixed Platforms
		Release|Any CPU = Release|Any CPU
		Release|Mixed Platforms = Release|Mixed Platforms
	EndGlobalSection
	GlobalSection(ProjectConfigurationPlatforms) = postSolution
		{D129789C-3096-4D0B-8DD7-FE24A4DF4B21}.Debug|Any CPU.ActiveCfg = Debug|Any CPU
		{D129789C-3096-4D0B-8DD7-FE24A4DF4B21}.Debug|Any CPU.Build.0 = Debug|Any CPU
		{D129789C-3096-4D0B-8DD7-FE24A4DF4B21}.Debug|Mixed Platforms.ActiveCfg = Debug|Any CPU
		{D129789C-3096-4D0B-8DD7-FE24A4DF4B21}.Debug|Mixed Platforms.Build.0 = Debug|Any CPU
		{D129789C-3096-4D0B-8DD7-FE24A4DF4B21}.Release|Any CPU.ActiveCfg = Release|Any CPU
		{D129789C-3096-4D0B-8DD7-FE24A4DF4B21}.Release|Any CPU.Build.0 = Release|Any CPU
		{D129789C-3096-4D0B-8DD7-FE24A4DF4B21}.Release|Mixed Platforms.ActiveCfg = Release|Any CPU
		{D129789C-3096-4D0B-8DD7-FE24A4DF4B21}.Release|Mixed Platforms.Build.0 = Release|Any CPU
		{F15F23F1-D349-426E-8A05-AEEF1A663599}.Debug|Any CPU.ActiveCfg = Debug|Any CPU
		{F15F23F1-D349-426E-8A05-AEEF1A663599}.Debug|Any CPU.Build.0 = Debug|Any CPU
		{F15F23F1-D349-426E-8A05-AEEF1A663599}.Debug|Mixed Platforms.ActiveCfg = Debug|Any CPU
		{F15F23F1-D349-426E-8A05-AEEF1A663599}.Debug|Mixed Platforms.Build.0 = Debug|Any CPU
		{F15F23F1-D349-426E-8A05-AEEF1A663599}.Release|Any CPU.ActiveCfg = Release|Any CPU
		{F15F23F1-D349-426E-8A05-AEEF1A663599}.Release|Any CPU.Build.0 = Release|Any CPU
		{F15F23F1-D349-426E-8A05-AEEF1A663599}.Release|Mixed Platforms.ActiveCfg = Release|Any CPU
		{F15F23F1-D349-426E-8A05-AEEF1A663599}.Release|Mixed Platforms.Build.0 = Release|Any CPU
		{9CE2D382-8D40-4C2B-8433-1B6D208A8EF8}.Debug|Any CPU.ActiveCfg = Debug|Any CPU
		{9CE2D382-8D40-4C2B-8433-1B6D208A8EF8}.Debug|Any CPU.Build.0 = Debug|Any CPU
		{9CE2D382-8D40-4C2B-8433-1B6D208A8EF8}.Debug|Mixed Platforms.ActiveCfg = Debug|Any CPU
		{9CE2D382-8D40-4C2B-8433-1B6D208A8EF8}.Debug|Mixed Platforms.Build.0 = Debug|Any CPU
		{9CE2D382-8D40-4C2B-8433-1B6D208A8EF8}.Release|Any CPU.ActiveCfg = Release|Any CPU
		{9CE2D382-8D40-4C2B-8433-1B6D208A8EF8}.Release|Any CPU.Build.0 = Release|Any CPU
		{9CE2D382-8D40-4C2B-8433-1B6D208A8EF8}.Release|Mixed Platforms.ActiveCfg = Release|Any CPU
		{9CE2D382-8D40-4C2B-8433-1B6D208A8EF8}.Release|Mixed Platforms.Build.0 = Release|Any CPU
		{BC93D0C2-4863-4B4B-9D60-1B565AAE4284}.Debug|Any CPU.ActiveCfg = Debug|Any CPU
		{BC93D0C2-4863-4B4B-9D60-1B565AAE4284}.Debug|Any CPU.Build.0 = Debug|Any CPU
		{BC93D0C2-4863-4B4B-9D60-1B565AAE4284}.Debug|Mixed Platforms.ActiveCfg = Debug|Any CPU
		{BC93D0C2-4863-4B4B-9D60-1B565AAE4284}.Debug|Mixed Platforms.Build.0 = Debug|Any CPU
		{BC93D0C2-4863-4B4B-9D60-1B565AAE4284}.Release|Any CPU.ActiveCfg = Release|Any CPU
		{BC93D0C2-4863-4B4B-9D60-1B565AAE4284}.Release|Any CPU.Build.0 = Release|Any CPU
		{BC93D0C2-4863-4B4B-9D60-1B565AAE4284}.Release|Mixed Platforms.ActiveCfg = Release|Any CPU
		{BC93D0C2-4863-4B4B-9D60-1B565AAE4284}.Release|Mixed Platforms.Build.0 = Release|Any CPU
		{2CB8A609-5C59-4E03-A749-AEC099D67382}.Debug|Any CPU.ActiveCfg = Debug|Any CPU
		{2CB8A609-5C59-4E03-A749-AEC099D67382}.Debug|Any CPU.Build.0 = Debug|Any CPU
		{2CB8A609-5C59-4E03-A749-AEC099D67382}.Debug|Mixed Platforms.ActiveCfg = Debug|Any CPU
		{2CB8A609-5C59-4E03-A749-AEC099D67382}.Debug|Mixed Platforms.Build.0 = Debug|Any CPU
		{2CB8A609-5C59-4E03-A749-AEC099D67382}.Release|Any CPU.ActiveCfg = Release|Any CPU
		{2CB8A609-5C59-4E03-A749-AEC099D67382}.Release|Any CPU.Build.0 = Release|Any CPU
		{2CB8A609-5C59-4E03-A749-AEC099D67382}.Release|Mixed Platforms.ActiveCfg = Release|Any CPU
		{2CB8A609-5C59-4E03-A749-AEC099D67382}.Release|Mixed Platforms.Build.0 = Release|Any CPU
		{18644531-96C8-49AC-8AC3-F3BD4ACBD574}.Debug|Any CPU.ActiveCfg = Debug|Any CPU
		{18644531-96C8-49AC-8AC3-F3BD4ACBD574}.Debug|Any CPU.Build.0 = Debug|Any CPU
		{18644531-96C8-49AC-8AC3-F3BD4ACBD574}.Debug|Mixed Platforms.ActiveCfg = Debug|Any CPU
		{18644531-96C8-49AC-8AC3-F3BD4ACBD574}.Debug|Mixed Platforms.Build.0 = Debug|Any CPU
		{18644531-96C8-49AC-8AC3-F3BD4ACBD574}.Release|Any CPU.ActiveCfg = Release|Any CPU
		{18644531-96C8-49AC-8AC3-F3BD4ACBD574}.Release|Any CPU.Build.0 = Release|Any CPU
		{18644531-96C8-49AC-8AC3-F3BD4ACBD574}.Release|Mixed Platforms.ActiveCfg = Release|Any CPU
		{18644531-96C8-49AC-8AC3-F3BD4ACBD574}.Release|Mixed Platforms.Build.0 = Release|Any CPU
	EndGlobalSection
	GlobalSection(SolutionProperties) = preSolution
		HideSolutionNode = FALSE
	EndGlobalSection
	GlobalSection(ExtensibilityGlobals) = postSolution
		SolutionGuid = {CB8AAAD3-61E6-406F-99AF-21088DDA2A58}
	EndGlobalSection
EndGlobal
